// !$*UTF8*$!
{
	archiveVersion = 1;
	classes = {
	};
	objectVersion = 56;
	objects = {

/* Begin PBXBuildFile section */
		901757B62B1115E0007AA6EF /* AppDelegate.swift in Sources */ = {isa = PBXBuildFile; fileRef = 901757B52B1115E0007AA6EF /* AppDelegate.swift */; };
		901757B82B1115E0007AA6EF /* SceneDelegate.swift in Sources */ = {isa = PBXBuildFile; fileRef = 901757B72B1115E0007AA6EF /* SceneDelegate.swift */; };
		901757BA2B1115E0007AA6EF /* ViewController.swift in Sources */ = {isa = PBXBuildFile; fileRef = 901757B92B1115E0007AA6EF /* ViewController.swift */; };
		901757BF2B1115E1007AA6EF /* Assets.xcassets in Resources */ = {isa = PBXBuildFile; fileRef = 901757BE2B1115E1007AA6EF /* Assets.xcassets */; };
		901757C22B1115E1007AA6EF /* LaunchScreen.storyboard in Resources */ = {isa = PBXBuildFile; fileRef = 901757C02B1115E1007AA6EF /* LaunchScreen.storyboard */; };
		901757CD2B1115E1007AA6EF /* short_testTests.swift in Sources */ = {isa = PBXBuildFile; fileRef = 901757CC2B1115E1007AA6EF /* short_testTests.swift */; };
		901757D72B1115E1007AA6EF /* short_testUITests.swift in Sources */ = {isa = PBXBuildFile; fileRef = 901757D62B1115E1007AA6EF /* short_testUITests.swift */; };
		901757D92B1115E1007AA6EF /* short_testUITestsLaunchTests.swift in Sources */ = {isa = PBXBuildFile; fileRef = 901757D82B1115E1007AA6EF /* short_testUITestsLaunchTests.swift */; };
		901757E82B111713007AA6EF /* RoomViewController.swift in Sources */ = {isa = PBXBuildFile; fileRef = 901757E72B111713007AA6EF /* RoomViewController.swift */; };
		901757EA2B1120D7007AA6EF /* KeyWordViewController.swift in Sources */ = {isa = PBXBuildFile; fileRef = 901757E92B1120D7007AA6EF /* KeyWordViewController.swift */; };
/* End PBXBuildFile section */

/* Begin PBXContainerItemProxy section */
		901757C92B1115E1007AA6EF /* PBXContainerItemProxy */ = {
			isa = PBXContainerItemProxy;
			containerPortal = 901757AA2B1115E0007AA6EF /* Project object */;
			proxyType = 1;
			remoteGlobalIDString = 901757B12B1115E0007AA6EF;
			remoteInfo = short_test;
		};
		901757D32B1115E1007AA6EF /* PBXContainerItemProxy */ = {
			isa = PBXContainerItemProxy;
			containerPortal = 901757AA2B1115E0007AA6EF /* Project object */;
			proxyType = 1;
			remoteGlobalIDString = 901757B12B1115E0007AA6EF;
			remoteInfo = short_test;
		};
/* End PBXContainerItemProxy section */

/* Begin PBXFileReference section */
		901757B22B1115E0007AA6EF /* short_test.app */ = {isa = PBXFileReference; explicitFileType = wrapper.application; includeInIndex = 0; path = short_test.app; sourceTree = BUILT_PRODUCTS_DIR; };
		901757B52B1115E0007AA6EF /* AppDelegate.swift */ = {isa = PBXFileReference; lastKnownFileType = sourcecode.swift; path = AppDelegate.swift; sourceTree = "<group>"; };
		901757B72B1115E0007AA6EF /* SceneDelegate.swift */ = {isa = PBXFileReference; lastKnownFileType = sourcecode.swift; path = SceneDelegate.swift; sourceTree = "<group>"; };
		901757B92B1115E0007AA6EF /* ViewController.swift */ = {isa = PBXFileReference; lastKnownFileType = sourcecode.swift; path = ViewController.swift; sourceTree = "<group>"; };
		901757BE2B1115E1007AA6EF /* Assets.xcassets */ = {isa = PBXFileReference; lastKnownFileType = folder.assetcatalog; path = Assets.xcassets; sourceTree = "<group>"; };
		901757C12B1115E1007AA6EF /* Base */ = {isa = PBXFileReference; lastKnownFileType = file.storyboard; name = Base; path = Base.lproj/LaunchScreen.storyboard; sourceTree = "<group>"; };
		901757C32B1115E1007AA6EF /* Info.plist */ = {isa = PBXFileReference; lastKnownFileType = text.plist.xml; path = Info.plist; sourceTree = "<group>"; };
		901757C82B1115E1007AA6EF /* short_testTests.xctest */ = {isa = PBXFileReference; explicitFileType = wrapper.cfbundle; includeInIndex = 0; path = short_testTests.xctest; sourceTree = BUILT_PRODUCTS_DIR; };
		901757CC2B1115E1007AA6EF /* short_testTests.swift */ = {isa = PBXFileReference; lastKnownFileType = sourcecode.swift; path = short_testTests.swift; sourceTree = "<group>"; };
		901757D22B1115E1007AA6EF /* short_testUITests.xctest */ = {isa = PBXFileReference; explicitFileType = wrapper.cfbundle; includeInIndex = 0; path = short_testUITests.xctest; sourceTree = BUILT_PRODUCTS_DIR; };
		901757D62B1115E1007AA6EF /* short_testUITests.swift */ = {isa = PBXFileReference; lastKnownFileType = sourcecode.swift; path = short_testUITests.swift; sourceTree = "<group>"; };
		901757D82B1115E1007AA6EF /* short_testUITestsLaunchTests.swift */ = {isa = PBXFileReference; lastKnownFileType = sourcecode.swift; path = short_testUITestsLaunchTests.swift; sourceTree = "<group>"; };
		901757E72B111713007AA6EF /* RoomViewController.swift */ = {isa = PBXFileReference; lastKnownFileType = sourcecode.swift; path = RoomViewController.swift; sourceTree = "<group>"; };
		901757E92B1120D7007AA6EF /* KeyWordViewController.swift */ = {isa = PBXFileReference; lastKnownFileType = sourcecode.swift; path = KeyWordViewController.swift; sourceTree = "<group>"; };
/* End PBXFileReference section */

/* Begin PBXFrameworksBuildPhase section */
		901757AF2B1115E0007AA6EF /* Frameworks */ = {
			isa = PBXFrameworksBuildPhase;
			buildActionMask = 2147483647;
			files = (
			);
			runOnlyForDeploymentPostprocessing = 0;
		};
		901757C52B1115E1007AA6EF /* Frameworks */ = {
			isa = PBXFrameworksBuildPhase;
			buildActionMask = 2147483647;
			files = (
			);
			runOnlyForDeploymentPostprocessing = 0;
		};
		901757CF2B1115E1007AA6EF /* Frameworks */ = {
			isa = PBXFrameworksBuildPhase;
			buildActionMask = 2147483647;
			files = (
			);
			runOnlyForDeploymentPostprocessing = 0;
		};
/* End PBXFrameworksBuildPhase section */

/* Begin PBXGroup section */
		901757A92B1115E0007AA6EF = {
			isa = PBXGroup;
			children = (
				901757B42B1115E0007AA6EF /* short_test */,
				901757CB2B1115E1007AA6EF /* short_testTests */,
				901757D52B1115E1007AA6EF /* short_testUITests */,
				901757B32B1115E0007AA6EF /* Products */,
			);
			sourceTree = "<group>";
		};
		901757B32B1115E0007AA6EF /* Products */ = {
			isa = PBXGroup;
			children = (
				901757B22B1115E0007AA6EF /* short_test.app */,
				901757C82B1115E1007AA6EF /* short_testTests.xctest */,
				901757D22B1115E1007AA6EF /* short_testUITests.xctest */,
			);
			name = Products;
			sourceTree = "<group>";
		};
		901757B42B1115E0007AA6EF /* short_test */ = {
			isa = PBXGroup;
			children = (
				901757E62B1116F8007AA6EF /* Controller */,
				901757E52B1116F1007AA6EF /* Views */,
				901757B52B1115E0007AA6EF /* AppDelegate.swift */,
				901757B72B1115E0007AA6EF /* SceneDelegate.swift */,
				901757B92B1115E0007AA6EF /* ViewController.swift */,
				901757BE2B1115E1007AA6EF /* Assets.xcassets */,
				901757C02B1115E1007AA6EF /* LaunchScreen.storyboard */,
				901757C32B1115E1007AA6EF /* Info.plist */,
			);
			path = short_test;
			sourceTree = "<group>";
		};
		901757CB2B1115E1007AA6EF /* short_testTests */ = {
			isa = PBXGroup;
			children = (
				901757CC2B1115E1007AA6EF /* short_testTests.swift */,
			);
			path = short_testTests;
			sourceTree = "<group>";
		};
		901757D52B1115E1007AA6EF /* short_testUITests */ = {
			isa = PBXGroup;
			children = (
				901757D62B1115E1007AA6EF /* short_testUITests.swift */,
				901757D82B1115E1007AA6EF /* short_testUITestsLaunchTests.swift */,
			);
			path = short_testUITests;
			sourceTree = "<group>";
		};
		901757E52B1116F1007AA6EF /* Views */ = {
			isa = PBXGroup;
			children = (
			);
			path = Views;
			sourceTree = "<group>";
		};
		901757E62B1116F8007AA6EF /* Controller */ = {
			isa = PBXGroup;
			children = (
				901757E72B111713007AA6EF /* RoomViewController.swift */,
				901757E92B1120D7007AA6EF /* KeyWordViewController.swift */,
			);
			path = Controller;
			sourceTree = "<group>";
		};
/* End PBXGroup section */

/* Begin PBXNativeTarget section */
		901757B12B1115E0007AA6EF /* short_test */ = {
			isa = PBXNativeTarget;
			buildConfigurationList = 901757DC2B1115E1007AA6EF /* Build configuration list for PBXNativeTarget "short_test" */;
			buildPhases = (
				901757AE2B1115E0007AA6EF /* Sources */,
				901757AF2B1115E0007AA6EF /* Frameworks */,
				901757B02B1115E0007AA6EF /* Resources */,
			);
			buildRules = (
			);
			dependencies = (
			);
			name = short_test;
			productName = short_test;
			productReference = 901757B22B1115E0007AA6EF /* short_test.app */;
			productType = "com.apple.product-type.application";
		};
		901757C72B1115E1007AA6EF /* short_testTests */ = {
			isa = PBXNativeTarget;
			buildConfigurationList = 901757DF2B1115E1007AA6EF /* Build configuration list for PBXNativeTarget "short_testTests" */;
			buildPhases = (
				901757C42B1115E1007AA6EF /* Sources */,
				901757C52B1115E1007AA6EF /* Frameworks */,
				901757C62B1115E1007AA6EF /* Resources */,
			);
			buildRules = (
			);
			dependencies = (
				901757CA2B1115E1007AA6EF /* PBXTargetDependency */,
			);
			name = short_testTests;
			productName = short_testTests;
			productReference = 901757C82B1115E1007AA6EF /* short_testTests.xctest */;
			productType = "com.apple.product-type.bundle.unit-test";
		};
		901757D12B1115E1007AA6EF /* short_testUITests */ = {
			isa = PBXNativeTarget;
			buildConfigurationList = 901757E22B1115E1007AA6EF /* Build configuration list for PBXNativeTarget "short_testUITests" */;
			buildPhases = (
				901757CE2B1115E1007AA6EF /* Sources */,
				901757CF2B1115E1007AA6EF /* Frameworks */,
				901757D02B1115E1007AA6EF /* Resources */,
			);
			buildRules = (
			);
			dependencies = (
				901757D42B1115E1007AA6EF /* PBXTargetDependency */,
			);
			name = short_testUITests;
			productName = short_testUITests;
			productReference = 901757D22B1115E1007AA6EF /* short_testUITests.xctest */;
			productType = "com.apple.product-type.bundle.ui-testing";
		};
/* End PBXNativeTarget section */

/* Begin PBXProject section */
		901757AA2B1115E0007AA6EF /* Project object */ = {
			isa = PBXProject;
			attributes = {
				BuildIndependentTargetsInParallel = 1;
				LastSwiftUpdateCheck = 1430;
				LastUpgradeCheck = 1430;
				TargetAttributes = {
					901757B12B1115E0007AA6EF = {
						CreatedOnToolsVersion = 14.3.1;
					};
					901757C72B1115E1007AA6EF = {
						CreatedOnToolsVersion = 14.3.1;
						TestTargetID = 901757B12B1115E0007AA6EF;
					};
					901757D12B1115E1007AA6EF = {
						CreatedOnToolsVersion = 14.3.1;
						TestTargetID = 901757B12B1115E0007AA6EF;
					};
				};
			};
			buildConfigurationList = 901757AD2B1115E0007AA6EF /* Build configuration list for PBXProject "short_test" */;
			compatibilityVersion = "Xcode 14.0";
			developmentRegion = en;
			hasScannedForEncodings = 0;
			knownRegions = (
				en,
				Base,
			);
			mainGroup = 901757A92B1115E0007AA6EF;
			productRefGroup = 901757B32B1115E0007AA6EF /* Products */;
			projectDirPath = "";
			projectRoot = "";
			targets = (
				901757B12B1115E0007AA6EF /* short_test */,
				901757C72B1115E1007AA6EF /* short_testTests */,
				901757D12B1115E1007AA6EF /* short_testUITests */,
			);
		};
/* End PBXProject section */

/* Begin PBXResourcesBuildPhase section */
		901757B02B1115E0007AA6EF /* Resources */ = {
			isa = PBXResourcesBuildPhase;
			buildActionMask = 2147483647;
			files = (
				901757C22B1115E1007AA6EF /* LaunchScreen.storyboard in Resources */,
				901757BF2B1115E1007AA6EF /* Assets.xcassets in Resources */,
			);
			runOnlyForDeploymentPostprocessing = 0;
		};
		901757C62B1115E1007AA6EF /* Resources */ = {
			isa = PBXResourcesBuildPhase;
			buildActionMask = 2147483647;
			files = (
			);
			runOnlyForDeploymentPostprocessing = 0;
		};
		901757D02B1115E1007AA6EF /* Resources */ = {
			isa = PBXResourcesBuildPhase;
			buildActionMask = 2147483647;
			files = (
			);
			runOnlyForDeploymentPostprocessing = 0;
		};
/* End PBXResourcesBuildPhase section */

/* Begin PBXSourcesBuildPhase section */
		901757AE2B1115E0007AA6EF /* Sources */ = {
			isa = PBXSourcesBuildPhase;
			buildActionMask = 2147483647;
			files = (
				901757BA2B1115E0007AA6EF /* ViewController.swift in Sources */,
				901757B62B1115E0007AA6EF /* AppDelegate.swift in Sources */,
				901757EA2B1120D7007AA6EF /* KeyWordViewController.swift in Sources */,
				901757B82B1115E0007AA6EF /* SceneDelegate.swift in Sources */,
				901757E82B111713007AA6EF /* RoomViewController.swift in Sources */,
			);
			runOnlyForDeploymentPostprocessing = 0;
		};
		901757C42B1115E1007AA6EF /* Sources */ = {
			isa = PBXSourcesBuildPhase;
			buildActionMask = 2147483647;
			files = (
				901757CD2B1115E1007AA6EF /* short_testTests.swift in Sources */,
			);
			runOnlyForDeploymentPostprocessing = 0;
		};
		901757CE2B1115E1007AA6EF /* Sources */ = {
			isa = PBXSourcesBuildPhase;
			buildActionMask = 2147483647;
			files = (
				901757D72B1115E1007AA6EF /* short_testUITests.swift in Sources */,
				901757D92B1115E1007AA6EF /* short_testUITestsLaunchTests.swift in Sources */,
			);
			runOnlyForDeploymentPostprocessing = 0;
		};
/* End PBXSourcesBuildPhase section */

/* Begin PBXTargetDependency section */
		901757CA2B1115E1007AA6EF /* PBXTargetDependency */ = {
			isa = PBXTargetDependency;
			target = 901757B12B1115E0007AA6EF /* short_test */;
			targetProxy = 901757C92B1115E1007AA6EF /* PBXContainerItemProxy */;
		};
		901757D42B1115E1007AA6EF /* PBXTargetDependency */ = {
			isa = PBXTargetDependency;
			target = 901757B12B1115E0007AA6EF /* short_test */;
			targetProxy = 901757D32B1115E1007AA6EF /* PBXContainerItemProxy */;
		};
/* End PBXTargetDependency section */

/* Begin PBXVariantGroup section */
		901757C02B1115E1007AA6EF /* LaunchScreen.storyboard */ = {
			isa = PBXVariantGroup;
			children = (
				901757C12B1115E1007AA6EF /* Base */,
			);
			name = LaunchScreen.storyboard;
			sourceTree = "<group>";
		};
/* End PBXVariantGroup section */

/* Begin XCBuildConfiguration section */
		901757DA2B1115E1007AA6EF /* Debug */ = {
			isa = XCBuildConfiguration;
			buildSettings = {
				ALWAYS_SEARCH_USER_PATHS = NO;
				CLANG_ANALYZER_NONNULL = YES;
				CLANG_ANALYZER_NUMBER_OBJECT_CONVERSION = YES_AGGRESSIVE;
				CLANG_CXX_LANGUAGE_STANDARD = "gnu++20";
				CLANG_ENABLE_MODULES = YES;
				CLANG_ENABLE_OBJC_ARC = YES;
				CLANG_ENABLE_OBJC_WEAK = YES;
				CLANG_WARN_BLOCK_CAPTURE_AUTORELEASING = YES;
				CLANG_WARN_BOOL_CONVERSION = YES;
				CLANG_WARN_COMMA = YES;
				CLANG_WARN_CONSTANT_CONVERSION = YES;
				CLANG_WARN_DEPRECATED_OBJC_IMPLEMENTATIONS = YES;
				CLANG_WARN_DIRECT_OBJC_ISA_USAGE = YES_ERROR;
				CLANG_WARN_DOCUMENTATION_COMMENTS = YES;
				CLANG_WARN_EMPTY_BODY = YES;
				CLANG_WARN_ENUM_CONVERSION = YES;
				CLANG_WARN_INFINITE_RECURSION = YES;
				CLANG_WARN_INT_CONVERSION = YES;
				CLANG_WARN_NON_LITERAL_NULL_CONVERSION = YES;
				CLANG_WARN_OBJC_IMPLICIT_RETAIN_SELF = YES;
				CLANG_WARN_OBJC_LITERAL_CONVERSION = YES;
				CLANG_WARN_OBJC_ROOT_CLASS = YES_ERROR;
				CLANG_WARN_QUOTED_INCLUDE_IN_FRAMEWORK_HEADER = YES;
				CLANG_WARN_RANGE_LOOP_ANALYSIS = YES;
				CLANG_WARN_STRICT_PROTOTYPES = YES;
				CLANG_WARN_SUSPICIOUS_MOVE = YES;
				CLANG_WARN_UNGUARDED_AVAILABILITY = YES_AGGRESSIVE;
				CLANG_WARN_UNREACHABLE_CODE = YES;
				CLANG_WARN__DUPLICATE_METHOD_MATCH = YES;
				COPY_PHASE_STRIP = NO;
				DEBUG_INFORMATION_FORMAT = dwarf;
				ENABLE_STRICT_OBJC_MSGSEND = YES;
				ENABLE_TESTABILITY = YES;
				GCC_C_LANGUAGE_STANDARD = gnu11;
				GCC_DYNAMIC_NO_PIC = NO;
				GCC_NO_COMMON_BLOCKS = YES;
				GCC_OPTIMIZATION_LEVEL = 0;
				GCC_PREPROCESSOR_DEFINITIONS = (
					"DEBUG=1",
					"$(inherited)",
				);
				GCC_WARN_64_TO_32_BIT_CONVERSION = YES;
				GCC_WARN_ABOUT_RETURN_TYPE = YES_ERROR;
				GCC_WARN_UNDECLARED_SELECTOR = YES;
				GCC_WARN_UNINITIALIZED_AUTOS = YES_AGGRESSIVE;
				GCC_WARN_UNUSED_FUNCTION = YES;
				GCC_WARN_UNUSED_VARIABLE = YES;
				IPHONEOS_DEPLOYMENT_TARGET = 16.4;
				MTL_ENABLE_DEBUG_INFO = INCLUDE_SOURCE;
				MTL_FAST_MATH = YES;
				ONLY_ACTIVE_ARCH = YES;
				SDKROOT = iphoneos;
				SWIFT_ACTIVE_COMPILATION_CONDITIONS = DEBUG;
				SWIFT_OPTIMIZATION_LEVEL = "-Onone";
			};
			name = Debug;
		};
		901757DB2B1115E1007AA6EF /* Release */ = {
			isa = XCBuildConfiguration;
			buildSettings = {
				ALWAYS_SEARCH_USER_PATHS = NO;
				CLANG_ANALYZER_NONNULL = YES;
				CLANG_ANALYZER_NUMBER_OBJECT_CONVERSION = YES_AGGRESSIVE;
				CLANG_CXX_LANGUAGE_STANDARD = "gnu++20";
				CLANG_ENABLE_MODULES = YES;
				CLANG_ENABLE_OBJC_ARC = YES;
				CLANG_ENABLE_OBJC_WEAK = YES;
				CLANG_WARN_BLOCK_CAPTURE_AUTORELEASING = YES;
				CLANG_WARN_BOOL_CONVERSION = YES;
				CLANG_WARN_COMMA = YES;
				CLANG_WARN_CONSTANT_CONVERSION = YES;
				CLANG_WARN_DEPRECATED_OBJC_IMPLEMENTATIONS = YES;
				CLANG_WARN_DIRECT_OBJC_ISA_USAGE = YES_ERROR;
				CLANG_WARN_DOCUMENTATION_COMMENTS = YES;
				CLANG_WARN_EMPTY_BODY = YES;
				CLANG_WARN_ENUM_CONVERSION = YES;
				CLANG_WARN_INFINITE_RECURSION = YES;
				CLANG_WARN_INT_CONVERSION = YES;
				CLANG_WARN_NON_LITERAL_NULL_CONVERSION = YES;
				CLANG_WARN_OBJC_IMPLICIT_RETAIN_SELF = YES;
				CLANG_WARN_OBJC_LITERAL_CONVERSION = YES;
				CLANG_WARN_OBJC_ROOT_CLASS = YES_ERROR;
				CLANG_WARN_QUOTED_INCLUDE_IN_FRAMEWORK_HEADER = YES;
				CLANG_WARN_RANGE_LOOP_ANALYSIS = YES;
				CLANG_WARN_STRICT_PROTOTYPES = YES;
				CLANG_WARN_SUSPICIOUS_MOVE = YES;
				CLANG_WARN_UNGUARDED_AVAILABILITY = YES_AGGRESSIVE;
				CLANG_WARN_UNREACHABLE_CODE = YES;
				CLANG_WARN__DUPLICATE_METHOD_MATCH = YES;
				COPY_PHASE_STRIP = NO;
				DEBUG_INFORMATION_FORMAT = "dwarf-with-dsym";
				ENABLE_NS_ASSERTIONS = NO;
				ENABLE_STRICT_OBJC_MSGSEND = YES;
				GCC_C_LANGUAGE_STANDARD = gnu11;
				GCC_NO_COMMON_BLOCKS = YES;
				GCC_WARN_64_TO_32_BIT_CONVERSION = YES;
				GCC_WARN_ABOUT_RETURN_TYPE = YES_ERROR;
				GCC_WARN_UNDECLARED_SELECTOR = YES;
				GCC_WARN_UNINITIALIZED_AUTOS = YES_AGGRESSIVE;
				GCC_WARN_UNUSED_FUNCTION = YES;
				GCC_WARN_UNUSED_VARIABLE = YES;
				IPHONEOS_DEPLOYMENT_TARGET = 16.4;
				MTL_ENABLE_DEBUG_INFO = NO;
				MTL_FAST_MATH = YES;
				SDKROOT = iphoneos;
				SWIFT_COMPILATION_MODE = wholemodule;
				SWIFT_OPTIMIZATION_LEVEL = "-O";
				VALIDATE_PRODUCT = YES;
			};
			name = Release;
		};
		901757DD2B1115E1007AA6EF /* Debug */ = {
			isa = XCBuildConfiguration;
			buildSettings = {
				ASSETCATALOG_COMPILER_APPICON_NAME = AppIcon;
				ASSETCATALOG_COMPILER_GLOBAL_ACCENT_COLOR_NAME = AccentColor;
				CODE_SIGN_STYLE = Automatic;
				CURRENT_PROJECT_VERSION = 1;
				DEVELOPMENT_TEAM = 7YG4RD83Q9;
				GENERATE_INFOPLIST_FILE = YES;
				INFOPLIST_FILE = short_test/Info.plist;
				INFOPLIST_KEY_UIApplicationSupportsIndirectInputEvents = YES;
				INFOPLIST_KEY_UILaunchStoryboardName = LaunchScreen;
				INFOPLIST_KEY_UISupportedInterfaceOrientations_iPad = "UIInterfaceOrientationPortrait UIInterfaceOrientationPortraitUpsideDown UIInterfaceOrientationLandscapeLeft UIInterfaceOrientationLandscapeRight";
				INFOPLIST_KEY_UISupportedInterfaceOrientations_iPhone = "UIInterfaceOrientationPortrait UIInterfaceOrientationLandscapeLeft UIInterfaceOrientationLandscapeRight";
				LD_RUNPATH_SEARCH_PATHS = (
					"$(inherited)",
					"@executable_path/Frameworks",
				);
				MARKETING_VERSION = 1.0;
				PRODUCT_BUNDLE_IDENTIFIER = "com.minseop.short-test";
				PRODUCT_NAME = "$(TARGET_NAME)";
				SWIFT_EMIT_LOC_STRINGS = YES;
				SWIFT_VERSION = 5.0;
				TARGETED_DEVICE_FAMILY = "1,2";
			};
			name = Debug;
		};
		901757DE2B1115E1007AA6EF /* Release */ = {
			isa = XCBuildConfiguration;
			buildSettings = {
				ASSETCATALOG_COMPILER_APPICON_NAME = AppIcon;
				ASSETCATALOG_COMPILER_GLOBAL_ACCENT_COLOR_NAME = AccentColor;
				CODE_SIGN_STYLE = Automatic;
				CURRENT_PROJECT_VERSION = 1;
				DEVELOPMENT_TEAM = 7YG4RD83Q9;
				GENERATE_INFOPLIST_FILE = YES;
				INFOPLIST_FILE = short_test/Info.plist;
				INFOPLIST_KEY_UIApplicationSupportsIndirectInputEvents = YES;
				INFOPLIST_KEY_UILaunchStoryboardName = LaunchScreen;
				INFOPLIST_KEY_UISupportedInterfaceOrientations_iPad = "UIInterfaceOrientationPortrait UIInterfaceOrientationPortraitUpsideDown UIInterfaceOrientationLandscapeLeft UIInterfaceOrientationLandscapeRight";
				INFOPLIST_KEY_UISupportedInterfaceOrientations_iPhone = "UIInterfaceOrientationPortrait UIInterfaceOrientationLandscapeLeft UIInterfaceOrientationLandscapeRight";
				LD_RUNPATH_SEARCH_PATHS = (
					"$(inherited)",
					"@executable_path/Frameworks",
				);
				MARKETING_VERSION = 1.0;
				PRODUCT_BUNDLE_IDENTIFIER = "com.minseop.short-test";
				PRODUCT_NAME = "$(TARGET_NAME)";
				SWIFT_EMIT_LOC_STRINGS = YES;
				SWIFT_VERSION = 5.0;
				TARGETED_DEVICE_FAMILY = "1,2";
			};
			name = Release;
		};
		901757E02B1115E1007AA6EF /* Debug */ = {
			isa = XCBuildConfiguration;
			buildSettings = {
				ALWAYS_EMBED_SWIFT_STANDARD_LIBRARIES = YES;
				BUNDLE_LOADER = "$(TEST_HOST)";
				CODE_SIGN_STYLE = Automatic;
				CURRENT_PROJECT_VERSION = 1;
				DEVELOPMENT_TEAM = 7YG4RD83Q9;
				GENERATE_INFOPLIST_FILE = YES;
				IPHONEOS_DEPLOYMENT_TARGET = 16.4;
				MARKETING_VERSION = 1.0;
				PRODUCT_BUNDLE_IDENTIFIER = "com.minseop.short-testTests";
				PRODUCT_NAME = "$(TARGET_NAME)";
				SWIFT_EMIT_LOC_STRINGS = NO;
				SWIFT_VERSION = 5.0;
				TARGETED_DEVICE_FAMILY = "1,2";
				TEST_HOST = "$(BUILT_PRODUCTS_DIR)/short_test.app/$(BUNDLE_EXECUTABLE_FOLDER_PATH)/short_test";
			};
			name = Debug;
		};
		901757E12B1115E1007AA6EF /* Release */ = {
			isa = XCBuildConfiguration;
			buildSettings = {
				ALWAYS_EMBED_SWIFT_STANDARD_LIBRARIES = YES;
				BUNDLE_LOADER = "$(TEST_HOST)";
				CODE_SIGN_STYLE = Automatic;
				CURRENT_PROJECT_VERSION = 1;
				DEVELOPMENT_TEAM = 7YG4RD83Q9;
				GENERATE_INFOPLIST_FILE = YES;
				IPHONEOS_DEPLOYMENT_TARGET = 16.4;
				MARKETING_VERSION = 1.0;
				PRODUCT_BUNDLE_IDENTIFIER = "com.minseop.short-testTests";
				PRODUCT_NAME = "$(TARGET_NAME)";
				SWIFT_EMIT_LOC_STRINGS = NO;
				SWIFT_VERSION = 5.0;
				TARGETED_DEVICE_FAMILY = "1,2";
				TEST_HOST = "$(BUILT_PRODUCTS_DIR)/short_test.app/$(BUNDLE_EXECUTABLE_FOLDER_PATH)/short_test";
			};
			name = Release;
		};
		901757E32B1115E1007AA6EF /* Debug */ = {
			isa = XCBuildConfiguration;
			buildSettings = {
				ALWAYS_EMBED_SWIFT_STANDARD_LIBRARIES = YES;
				CODE_SIGN_STYLE = Automatic;
				CURRENT_PROJECT_VERSION = 1;
				DEVELOPMENT_TEAM = 7YG4RD83Q9;
				GENERATE_INFOPLIST_FILE = YES;
				MARKETING_VERSION = 1.0;
				PRODUCT_BUNDLE_IDENTIFIER = "com.minseop.short-testUITests";
				PRODUCT_NAME = "$(TARGET_NAME)";
				SWIFT_EMIT_LOC_STRINGS = NO;
				SWIFT_VERSION = 5.0;
				TARGETED_DEVICE_FAMILY = "1,2";
				TEST_TARGET_NAME = short_test;
			};
			name = Debug;
		};
		901757E42B1115E1007AA6EF /* Release */ = {
			isa = XCBuildConfiguration;
			buildSettings = {
				ALWAYS_EMBED_SWIFT_STANDARD_LIBRARIES = YES;
				CODE_SIGN_STYLE = Automatic;
				CURRENT_PROJECT_VERSION = 1;
				DEVELOPMENT_TEAM = 7YG4RD83Q9;
				GENERATE_INFOPLIST_FILE = YES;
				MARKETING_VERSION = 1.0;
				PRODUCT_BUNDLE_IDENTIFIER = "com.minseop.short-testUITests";
				PRODUCT_NAME = "$(TARGET_NAME)";
				SWIFT_EMIT_LOC_STRINGS = NO;
				SWIFT_VERSION = 5.0;
				TARGETED_DEVICE_FAMILY = "1,2";
				TEST_TARGET_NAME = short_test;
			};
			name = Release;
		};
/* End XCBuildConfiguration section */

/* Begin XCConfigurationList section */
		901757AD2B1115E0007AA6EF /* Build configuration list for PBXProject "short_test" */ = {
			isa = XCConfigurationList;
			buildConfigurations = (
				901757DA2B1115E1007AA6EF /* Debug */,
				901757DB2B1115E1007AA6EF /* Release */,
			);
			defaultConfigurationIsVisible = 0;
			defaultConfigurationName = Release;
		};
		901757DC2B1115E1007AA6EF /* Build configuration list for PBXNativeTarget "short_test" */ = {
			isa = XCConfigurationList;
			buildConfigurations = (
				901757DD2B1115E1007AA6EF /* Debug */,
				901757DE2B1115E1007AA6EF /* Release */,
			);
			defaultConfigurationIsVisible = 0;
			defaultConfigurationName = Release;
		};
		901757DF2B1115E1007AA6EF /* Build configuration list for PBXNativeTarget "short_testTests" */ = {
			isa = XCConfigurationList;
			buildConfigurations = (
				901757E02B1115E1007AA6EF /* Debug */,
				901757E12B1115E1007AA6EF /* Release */,
			);
			defaultConfigurationIsVisible = 0;
			defaultConfigurationName = Release;
		};
		901757E22B1115E1007AA6EF /* Build configuration list for PBXNativeTarget "short_testUITests" */ = {
			isa = XCConfigurationList;
			buildConfigurations = (
				901757E32B1115E1007AA6EF /* Debug */,
				901757E42B1115E1007AA6EF /* Release */,
			);
			defaultConfigurationIsVisible = 0;
			defaultConfigurationName = Release;
		};
/* End XCConfigurationList section */
	};
	rootObject = 901757AA2B1115E0007AA6EF /* Project object */;
}
